// !$*UTF8*$!
{
	archiveVersion = 1;
	classes = {
	};
	objectVersion = 50;
	objects = {

/* Begin PBXBuildFile section */
		025F2DE325B808820063DDCF /* UIViewController.swift in Sources */ = {isa = PBXBuildFile; fileRef = 025F2DE225B808820063DDCF /* UIViewController.swift */; };
		0297918325BD784F00917F45 /* LicensePlateSwiftUIView.swift in Sources */ = {isa = PBXBuildFile; fileRef = 0297918225BD784F00917F45 /* LicensePlateSwiftUIView.swift */; };
		0297918625BD7C8E00917F45 /* PlateListSwiftUIView.swift in Sources */ = {isa = PBXBuildFile; fileRef = 0297918525BD7C8E00917F45 /* PlateListSwiftUIView.swift */; };
		0297919325BD805800917F45 /* PlateNumber.swift in Sources */ = {isa = PBXBuildFile; fileRef = 0297919225BD805800917F45 /* PlateNumber.swift */; };
		02A0759F25BB3E5500129803 /* ProfileController.swift in Sources */ = {isa = PBXBuildFile; fileRef = 02A0759E25BB3E5500129803 /* ProfileController.swift */; };
		02A075A225BB3E5E00129803 /* LicensePlateController.swift in Sources */ = {isa = PBXBuildFile; fileRef = 02A075A125BB3E5E00129803 /* LicensePlateController.swift */; };
		02C32F5425B4BC14005CE759 /* AppDelegate.swift in Sources */ = {isa = PBXBuildFile; fileRef = 02C32F5325B4BC14005CE759 /* AppDelegate.swift */; };
		02C32F5625B4BC14005CE759 /* SceneDelegate.swift in Sources */ = {isa = PBXBuildFile; fileRef = 02C32F5525B4BC14005CE759 /* SceneDelegate.swift */; };
		02C32F5B25B4BC14005CE759 /* Main.storyboard in Resources */ = {isa = PBXBuildFile; fileRef = 02C32F5925B4BC14005CE759 /* Main.storyboard */; };
		02C32F5E25B4BC14005CE759 /* CarSpot.xcdatamodeld in Sources */ = {isa = PBXBuildFile; fileRef = 02C32F5C25B4BC14005CE759 /* CarSpot.xcdatamodeld */; };
		02C32F6025B4BC18005CE759 /* Assets.xcassets in Resources */ = {isa = PBXBuildFile; fileRef = 02C32F5F25B4BC18005CE759 /* Assets.xcassets */; };
		02C32F6325B4BC18005CE759 /* LaunchScreen.storyboard in Resources */ = {isa = PBXBuildFile; fileRef = 02C32F6125B4BC18005CE759 /* LaunchScreen.storyboard */; };
		E132D14025BB6C97007867E5 /* GradientView.swift in Sources */ = {isa = PBXBuildFile; fileRef = E132D13F25BB6C97007867E5 /* GradientView.swift */; };
		E135125D25BC726300A98B71 /* AddressController.swift in Sources */ = {isa = PBXBuildFile; fileRef = E135125C25BC726300A98B71 /* AddressController.swift */; };
		E138DB8725BB1405003BEEDC /* TicketDetailsViewController.swift in Sources */ = {isa = PBXBuildFile; fileRef = E138DB8625BB1405003BEEDC /* TicketDetailsViewController.swift */; };
		E138DBA725BB2468003BEEDC /* TicketController.swift in Sources */ = {isa = PBXBuildFile; fileRef = E138DBA425BB2468003BEEDC /* TicketController.swift */; };
		E138DBAC25BB25F1003BEEDC /* MainEntryViewController.swift in Sources */ = {isa = PBXBuildFile; fileRef = E138DBAB25BB25F1003BEEDC /* MainEntryViewController.swift */; };
		E138DBC225BB5588003BEEDC /* SignUpSwiftUIView.swift in Sources */ = {isa = PBXBuildFile; fileRef = E138DBC125BB5588003BEEDC /* SignUpSwiftUIView.swift */; };
		E138F31525B9CA5E00257879 /* GoogleService-Info.plist in Resources */ = {isa = PBXBuildFile; fileRef = E138F31425B9CA5E00257879 /* GoogleService-Info.plist */; };
		E138F31B25B9D3DA00257879 /* ParkingHours.swift in Sources */ = {isa = PBXBuildFile; fileRef = E138F31A25B9D3DA00257879 /* ParkingHours.swift */; };
		E138F32325B9E3B300257879 /* String.swift in Sources */ = {isa = PBXBuildFile; fileRef = E138F32225B9E3B300257879 /* String.swift */; };
		E138F32D25BA01AF00257879 /* TicketDetails.swift in Sources */ = {isa = PBXBuildFile; fileRef = E138F32C25BA01AF00257879 /* TicketDetails.swift */; };
		E138F33025BA05D800257879 /* MapView.swift in Sources */ = {isa = PBXBuildFile; fileRef = E138F32F25BA05D800257879 /* MapView.swift */; };
		E138F33425BA390A00257879 /* TicketCell.swift in Sources */ = {isa = PBXBuildFile; fileRef = E138F33325BA390A00257879 /* TicketCell.swift */; };
		E13978E625B8734400342933 /* Location.swift in Sources */ = {isa = PBXBuildFile; fileRef = E13978E525B8734400342933 /* Location.swift */; };
		E13A272125B5D37B0019FD56 /* UIView.swift in Sources */ = {isa = PBXBuildFile; fileRef = E13A271B25B5D3790019FD56 /* UIView.swift */; };
		E13A272225B5D37B0019FD56 /* UIButton.swift in Sources */ = {isa = PBXBuildFile; fileRef = E13A271C25B5D37A0019FD56 /* UIButton.swift */; };
		E13A272325B5D37B0019FD56 /* Int64.swift in Sources */ = {isa = PBXBuildFile; fileRef = E13A271D25B5D37A0019FD56 /* Int64.swift */; };
		E13A272525B5D37B0019FD56 /* UITextField.swift in Sources */ = {isa = PBXBuildFile; fileRef = E13A271F25B5D37A0019FD56 /* UITextField.swift */; };
		E13A272A25B5D6630019FD56 /* User.swift in Sources */ = {isa = PBXBuildFile; fileRef = E13A272925B5D6630019FD56 /* User.swift */; };
		E13A272D25B5D6780019FD56 /* ParkingTicket.swift in Sources */ = {isa = PBXBuildFile; fileRef = E13A272C25B5D6780019FD56 /* ParkingTicket.swift */; };
		E13A273625B5D7040019FD56 /* MainViewController.swift in Sources */ = {isa = PBXBuildFile; fileRef = E13A273525B5D7040019FD56 /* MainViewController.swift */; };
		E13A273A25B5D71C0019FD56 /* HistoryViewController.swift in Sources */ = {isa = PBXBuildFile; fileRef = E13A273925B5D71C0019FD56 /* HistoryViewController.swift */; };
		E13A273D25B5D7310019FD56 /* ProfileViewController.swift in Sources */ = {isa = PBXBuildFile; fileRef = E13A273C25B5D7310019FD56 /* ProfileViewController.swift */; };
		E13A274025B5D7470019FD56 /* LoginViewController.swift in Sources */ = {isa = PBXBuildFile; fileRef = E13A273F25B5D7470019FD56 /* LoginViewController.swift */; };
		E13A274325B5D78B0019FD56 /* MainSwiftUIView.swift in Sources */ = {isa = PBXBuildFile; fileRef = E13A274225B5D78B0019FD56 /* MainSwiftUIView.swift */; };
		E13A274625B5D7970019FD56 /* LoginSwiftUIView.swift in Sources */ = {isa = PBXBuildFile; fileRef = E13A274525B5D7970019FD56 /* LoginSwiftUIView.swift */; };
		E13A274925B5D7AB0019FD56 /* HistorySwiftUIView.swift in Sources */ = {isa = PBXBuildFile; fileRef = E13A274825B5D7AB0019FD56 /* HistorySwiftUIView.swift */; };
		E13A274C25B5D7B80019FD56 /* ProfileSwiftUIView.swift in Sources */ = {isa = PBXBuildFile; fileRef = E13A274B25B5D7B80019FD56 /* ProfileSwiftUIView.swift */; };
		E13A275325B5D97A0019FD56 /* TicketRow.swift in Sources */ = {isa = PBXBuildFile; fileRef = E13A275225B5D97A0019FD56 /* TicketRow.swift */; };
		E13A275625B5DA0F0019FD56 /* TabBarController.swift in Sources */ = {isa = PBXBuildFile; fileRef = E13A275525B5DA0F0019FD56 /* TabBarController.swift */; };
		E13A275925B5E6800019FD56 /* Login.swift in Sources */ = {isa = PBXBuildFile; fileRef = E13A275825B5E6800019FD56 /* Login.swift */; };
		E13BE3EA25B77BBB0022B496 /* LocationManager.swift in Sources */ = {isa = PBXBuildFile; fileRef = E13BE3E925B77BBB0022B496 /* LocationManager.swift */; };
/* End PBXBuildFile section */

/* Begin PBXFileReference section */
		025F2DE225B808820063DDCF /* UIViewController.swift */ = {isa = PBXFileReference; lastKnownFileType = sourcecode.swift; path = UIViewController.swift; sourceTree = "<group>"; };
		0297918225BD784F00917F45 /* LicensePlateSwiftUIView.swift */ = {isa = PBXFileReference; lastKnownFileType = sourcecode.swift; path = LicensePlateSwiftUIView.swift; sourceTree = "<group>"; };
		0297918525BD7C8E00917F45 /* PlateListSwiftUIView.swift */ = {isa = PBXFileReference; lastKnownFileType = sourcecode.swift; path = PlateListSwiftUIView.swift; sourceTree = "<group>"; };
		0297919225BD805800917F45 /* PlateNumber.swift */ = {isa = PBXFileReference; lastKnownFileType = sourcecode.swift; path = PlateNumber.swift; sourceTree = "<group>"; };
		02A0759E25BB3E5500129803 /* ProfileController.swift */ = {isa = PBXFileReference; fileEncoding = 4; lastKnownFileType = sourcecode.swift; path = ProfileController.swift; sourceTree = "<group>"; };
		02A075A125BB3E5E00129803 /* LicensePlateController.swift */ = {isa = PBXFileReference; fileEncoding = 4; lastKnownFileType = sourcecode.swift; path = LicensePlateController.swift; sourceTree = "<group>"; };
		02C32F5025B4BC14005CE759 /* CarSpot.app */ = {isa = PBXFileReference; explicitFileType = wrapper.application; includeInIndex = 0; path = CarSpot.app; sourceTree = BUILT_PRODUCTS_DIR; };
		02C32F5325B4BC14005CE759 /* AppDelegate.swift */ = {isa = PBXFileReference; lastKnownFileType = sourcecode.swift; path = AppDelegate.swift; sourceTree = "<group>"; };
		02C32F5525B4BC14005CE759 /* SceneDelegate.swift */ = {isa = PBXFileReference; lastKnownFileType = sourcecode.swift; path = SceneDelegate.swift; sourceTree = "<group>"; };
		02C32F5A25B4BC14005CE759 /* Base */ = {isa = PBXFileReference; lastKnownFileType = file.storyboard; name = Base; path = Base.lproj/Main.storyboard; sourceTree = "<group>"; };
		02C32F5D25B4BC14005CE759 /* CarSpot.xcdatamodel */ = {isa = PBXFileReference; lastKnownFileType = wrapper.xcdatamodel; path = CarSpot.xcdatamodel; sourceTree = "<group>"; };
		02C32F5F25B4BC18005CE759 /* Assets.xcassets */ = {isa = PBXFileReference; lastKnownFileType = folder.assetcatalog; path = Assets.xcassets; sourceTree = "<group>"; };
		02C32F6225B4BC18005CE759 /* Base */ = {isa = PBXFileReference; lastKnownFileType = file.storyboard; name = Base; path = Base.lproj/LaunchScreen.storyboard; sourceTree = "<group>"; };
		02C32F6425B4BC18005CE759 /* Info.plist */ = {isa = PBXFileReference; lastKnownFileType = text.plist.xml; path = Info.plist; sourceTree = "<group>"; };
		E132D13F25BB6C97007867E5 /* GradientView.swift */ = {isa = PBXFileReference; lastKnownFileType = sourcecode.swift; path = GradientView.swift; sourceTree = "<group>"; };
		E135125C25BC726300A98B71 /* AddressController.swift */ = {isa = PBXFileReference; lastKnownFileType = sourcecode.swift; path = AddressController.swift; sourceTree = "<group>"; };
		E138DB8625BB1405003BEEDC /* TicketDetailsViewController.swift */ = {isa = PBXFileReference; lastKnownFileType = sourcecode.swift; path = TicketDetailsViewController.swift; sourceTree = "<group>"; };
		E138DBA425BB2468003BEEDC /* TicketController.swift */ = {isa = PBXFileReference; fileEncoding = 4; lastKnownFileType = sourcecode.swift; path = TicketController.swift; sourceTree = "<group>"; };
		E138DBAB25BB25F1003BEEDC /* MainEntryViewController.swift */ = {isa = PBXFileReference; lastKnownFileType = sourcecode.swift; path = MainEntryViewController.swift; sourceTree = "<group>"; };
		E138DBC125BB5588003BEEDC /* SignUpSwiftUIView.swift */ = {isa = PBXFileReference; fileEncoding = 4; lastKnownFileType = sourcecode.swift; path = SignUpSwiftUIView.swift; sourceTree = "<group>"; };
		E138F31425B9CA5E00257879 /* GoogleService-Info.plist */ = {isa = PBXFileReference; fileEncoding = 4; lastKnownFileType = text.plist.xml; path = "GoogleService-Info.plist"; sourceTree = "<group>"; };
		E138F31A25B9D3DA00257879 /* ParkingHours.swift */ = {isa = PBXFileReference; lastKnownFileType = sourcecode.swift; path = ParkingHours.swift; sourceTree = "<group>"; };
		E138F32225B9E3B300257879 /* String.swift */ = {isa = PBXFileReference; lastKnownFileType = sourcecode.swift; path = String.swift; sourceTree = "<group>"; };
		E138F32C25BA01AF00257879 /* TicketDetails.swift */ = {isa = PBXFileReference; lastKnownFileType = sourcecode.swift; path = TicketDetails.swift; sourceTree = "<group>"; };
		E138F32F25BA05D800257879 /* MapView.swift */ = {isa = PBXFileReference; lastKnownFileType = sourcecode.swift; path = MapView.swift; sourceTree = "<group>"; };
		E138F33325BA390A00257879 /* TicketCell.swift */ = {isa = PBXFileReference; lastKnownFileType = sourcecode.swift; path = TicketCell.swift; sourceTree = "<group>"; };
		E13978E525B8734400342933 /* Location.swift */ = {isa = PBXFileReference; lastKnownFileType = sourcecode.swift; path = Location.swift; sourceTree = "<group>"; };
		E13A271B25B5D3790019FD56 /* UIView.swift */ = {isa = PBXFileReference; fileEncoding = 4; lastKnownFileType = sourcecode.swift; path = UIView.swift; sourceTree = "<group>"; };
		E13A271C25B5D37A0019FD56 /* UIButton.swift */ = {isa = PBXFileReference; fileEncoding = 4; lastKnownFileType = sourcecode.swift; path = UIButton.swift; sourceTree = "<group>"; };
		E13A271D25B5D37A0019FD56 /* Int64.swift */ = {isa = PBXFileReference; fileEncoding = 4; lastKnownFileType = sourcecode.swift; path = Int64.swift; sourceTree = "<group>"; };
		E13A271F25B5D37A0019FD56 /* UITextField.swift */ = {isa = PBXFileReference; fileEncoding = 4; lastKnownFileType = sourcecode.swift; path = UITextField.swift; sourceTree = "<group>"; };
		E13A272925B5D6630019FD56 /* User.swift */ = {isa = PBXFileReference; lastKnownFileType = sourcecode.swift; path = User.swift; sourceTree = "<group>"; };
		E13A272C25B5D6780019FD56 /* ParkingTicket.swift */ = {isa = PBXFileReference; lastKnownFileType = sourcecode.swift; path = ParkingTicket.swift; sourceTree = "<group>"; };
		E13A273525B5D7040019FD56 /* MainViewController.swift */ = {isa = PBXFileReference; lastKnownFileType = sourcecode.swift; path = MainViewController.swift; sourceTree = "<group>"; };
		E13A273925B5D71C0019FD56 /* HistoryViewController.swift */ = {isa = PBXFileReference; lastKnownFileType = sourcecode.swift; path = HistoryViewController.swift; sourceTree = "<group>"; };
		E13A273C25B5D7310019FD56 /* ProfileViewController.swift */ = {isa = PBXFileReference; lastKnownFileType = sourcecode.swift; path = ProfileViewController.swift; sourceTree = "<group>"; };
		E13A273F25B5D7470019FD56 /* LoginViewController.swift */ = {isa = PBXFileReference; lastKnownFileType = sourcecode.swift; path = LoginViewController.swift; sourceTree = "<group>"; };
		E13A274225B5D78B0019FD56 /* MainSwiftUIView.swift */ = {isa = PBXFileReference; lastKnownFileType = sourcecode.swift; path = MainSwiftUIView.swift; sourceTree = "<group>"; };
		E13A274525B5D7970019FD56 /* LoginSwiftUIView.swift */ = {isa = PBXFileReference; lastKnownFileType = sourcecode.swift; path = LoginSwiftUIView.swift; sourceTree = "<group>"; };
		E13A274825B5D7AB0019FD56 /* HistorySwiftUIView.swift */ = {isa = PBXFileReference; lastKnownFileType = sourcecode.swift; path = HistorySwiftUIView.swift; sourceTree = "<group>"; };
		E13A274B25B5D7B80019FD56 /* ProfileSwiftUIView.swift */ = {isa = PBXFileReference; lastKnownFileType = sourcecode.swift; path = ProfileSwiftUIView.swift; sourceTree = "<group>"; };
		E13A275225B5D97A0019FD56 /* TicketRow.swift */ = {isa = PBXFileReference; lastKnownFileType = sourcecode.swift; path = TicketRow.swift; sourceTree = "<group>"; };
		E13A275525B5DA0F0019FD56 /* TabBarController.swift */ = {isa = PBXFileReference; lastKnownFileType = sourcecode.swift; path = TabBarController.swift; sourceTree = "<group>"; };
		E13A275825B5E6800019FD56 /* Login.swift */ = {isa = PBXFileReference; lastKnownFileType = sourcecode.swift; path = Login.swift; sourceTree = "<group>"; };
		E13BE3E925B77BBB0022B496 /* LocationManager.swift */ = {isa = PBXFileReference; lastKnownFileType = sourcecode.swift; path = LocationManager.swift; sourceTree = "<group>"; };
/* End PBXFileReference section */

/* Begin PBXFrameworksBuildPhase section */
		02C32F4D25B4BC14005CE759 /* Frameworks */ = {
			isa = PBXFrameworksBuildPhase;
			buildActionMask = 2147483647;
			files = (
			);
			runOnlyForDeploymentPostprocessing = 0;
		};
/* End PBXFrameworksBuildPhase section */

/* Begin PBXGroup section */
		02C32F4725B4BC14005CE759 = {
			isa = PBXGroup;
			children = (
				02C32F5225B4BC14005CE759 /* CarSpot */,
				02C32F5125B4BC14005CE759 /* Products */,
			);
			sourceTree = "<group>";
		};
		02C32F5125B4BC14005CE759 /* Products */ = {
			isa = PBXGroup;
			children = (
				02C32F5025B4BC14005CE759 /* CarSpot.app */,
			);
			name = Products;
			sourceTree = "<group>";
		};
		02C32F5225B4BC14005CE759 /* CarSpot */ = {
			isa = PBXGroup;
			children = (
				E13A271225B5CD430019FD56 /* Models */,
				E13A271A25B5D2F80019FD56 /* Extensions */,
				E13A271325B5CD620019FD56 /* Controllers */,
				02C32F6E25B4C12C005CE759 /* Views */,
				E13A271025B5CD150019FD56 /* Storyboards */,
				E13BE3E825B77B8D0022B496 /* Utils */,
				02C32F5325B4BC14005CE759 /* AppDelegate.swift */,
				02C32F5525B4BC14005CE759 /* SceneDelegate.swift */,
				02C32F5F25B4BC18005CE759 /* Assets.xcassets */,
				02C32F5C25B4BC14005CE759 /* CarSpot.xcdatamodeld */,
				02C32F6425B4BC18005CE759 /* Info.plist */,
				E138F31425B9CA5E00257879 /* GoogleService-Info.plist */,
			);
			path = CarSpot;
			sourceTree = "<group>";
		};
		02C32F6E25B4C12C005CE759 /* Views */ = {
			isa = PBXGroup;
			children = (
				02C32F6F25B4C13C005CE759 /* SwiftUIs */,
				E13A271525B5CD870019FD56 /* SupportingViews */,
				E13A273525B5D7040019FD56 /* MainViewController.swift */,
				E13A273925B5D71C0019FD56 /* HistoryViewController.swift */,
				E13A273C25B5D7310019FD56 /* ProfileViewController.swift */,
				E13A273F25B5D7470019FD56 /* LoginViewController.swift */,
				E13A275525B5DA0F0019FD56 /* TabBarController.swift */,
				E138DB8625BB1405003BEEDC /* TicketDetailsViewController.swift */,
				E138DBAB25BB25F1003BEEDC /* MainEntryViewController.swift */,
			);
			path = Views;
			sourceTree = "<group>";
		};
		02C32F6F25B4C13C005CE759 /* SwiftUIs */ = {
			isa = PBXGroup;
			children = (
				E138DBC125BB5588003BEEDC /* SignUpSwiftUIView.swift */,
				E13A274225B5D78B0019FD56 /* MainSwiftUIView.swift */,
				E13A274525B5D7970019FD56 /* LoginSwiftUIView.swift */,
				E13A274825B5D7AB0019FD56 /* HistorySwiftUIView.swift */,
				E13A274B25B5D7B80019FD56 /* ProfileSwiftUIView.swift */,
			);
			path = SwiftUIs;
			sourceTree = "<group>";
		};
		E13A271025B5CD150019FD56 /* Storyboards */ = {
			isa = PBXGroup;
			children = (
				02C32F6125B4BC18005CE759 /* LaunchScreen.storyboard */,
				02C32F5925B4BC14005CE759 /* Main.storyboard */,
			);
			path = Storyboards;
			sourceTree = "<group>";
		};
		E13A271225B5CD430019FD56 /* Models */ = {
			isa = PBXGroup;
			children = (
				E13A272925B5D6630019FD56 /* User.swift */,
				E13A272C25B5D6780019FD56 /* ParkingTicket.swift */,
				E13A275825B5E6800019FD56 /* Login.swift */,
				E13978E525B8734400342933 /* Location.swift */,
				E138F31A25B9D3DA00257879 /* ParkingHours.swift */,
				0297919225BD805800917F45 /* PlateNumber.swift */,
			);
			path = Models;
			sourceTree = "<group>";
		};
		E13A271325B5CD620019FD56 /* Controllers */ = {
			isa = PBXGroup;
			children = (
				02A075A125BB3E5E00129803 /* LicensePlateController.swift */,
				02A0759E25BB3E5500129803 /* ProfileController.swift */,
				E138DBA425BB2468003BEEDC /* TicketController.swift */,
				E135125C25BC726300A98B71 /* AddressController.swift */,
			);
			path = Controllers;
			sourceTree = "<group>";
		};
		E13A271525B5CD870019FD56 /* SupportingViews */ = {
			isa = PBXGroup;
			children = (
				0297918525BD7C8E00917F45 /* PlateListSwiftUIView.swift */,
				0297918225BD784F00917F45 /* LicensePlateSwiftUIView.swift */,
				E13A275225B5D97A0019FD56 /* TicketRow.swift */,
				E138F32C25BA01AF00257879 /* TicketDetails.swift */,
				E138F32F25BA05D800257879 /* MapView.swift */,
				E138F33325BA390A00257879 /* TicketCell.swift */,
			);
			path = SupportingViews;
			sourceTree = "<group>";
		};
		E13A271A25B5D2F80019FD56 /* Extensions */ = {
			isa = PBXGroup;
			children = (
				E13A271D25B5D37A0019FD56 /* Int64.swift */,
				E13A271C25B5D37A0019FD56 /* UIButton.swift */,
				E13A271F25B5D37A0019FD56 /* UITextField.swift */,
				E13A271B25B5D3790019FD56 /* UIView.swift */,
				025F2DE225B808820063DDCF /* UIViewController.swift */,
				E138F32225B9E3B300257879 /* String.swift */,
				E132D13F25BB6C97007867E5 /* GradientView.swift */,
			);
			path = Extensions;
			sourceTree = "<group>";
		};
		E13BE3E825B77B8D0022B496 /* Utils */ = {
			isa = PBXGroup;
			children = (
				E13BE3E925B77BBB0022B496 /* LocationManager.swift */,
			);
			path = Utils;
			sourceTree = "<group>";
		};
/* End PBXGroup section */

/* Begin PBXNativeTarget section */
		02C32F4F25B4BC14005CE759 /* CarSpot */ = {
			isa = PBXNativeTarget;
			buildConfigurationList = 02C32F6725B4BC18005CE759 /* Build configuration list for PBXNativeTarget "CarSpot" */;
			buildPhases = (
				02C32F4C25B4BC14005CE759 /* Sources */,
				02C32F4D25B4BC14005CE759 /* Frameworks */,
				02C32F4E25B4BC14005CE759 /* Resources */,
			);
			buildRules = (
			);
			dependencies = (
			);
			name = CarSpot;
			productName = CarSpot;
			productReference = 02C32F5025B4BC14005CE759 /* CarSpot.app */;
			productType = "com.apple.product-type.application";
		};
/* End PBXNativeTarget section */

/* Begin PBXProject section */
		02C32F4825B4BC14005CE759 /* Project object */ = {
			isa = PBXProject;
			attributes = {
				LastSwiftUpdateCheck = 1230;
				LastUpgradeCheck = 1230;
				TargetAttributes = {
					02C32F4F25B4BC14005CE759 = {
						CreatedOnToolsVersion = 12.3;
					};
				};
			};
			buildConfigurationList = 02C32F4B25B4BC14005CE759 /* Build configuration list for PBXProject "CarSpot" */;
			compatibilityVersion = "Xcode 9.3";
			developmentRegion = en;
			hasScannedForEncodings = 0;
			knownRegions = (
				en,
				Base,
			);
			mainGroup = 02C32F4725B4BC14005CE759;
			productRefGroup = 02C32F5125B4BC14005CE759 /* Products */;
			projectDirPath = "";
			projectRoot = "";
			targets = (
				02C32F4F25B4BC14005CE759 /* CarSpot */,
			);
		};
/* End PBXProject section */

/* Begin PBXResourcesBuildPhase section */
		02C32F4E25B4BC14005CE759 /* Resources */ = {
			isa = PBXResourcesBuildPhase;
			buildActionMask = 2147483647;
			files = (
				02C32F6325B4BC18005CE759 /* LaunchScreen.storyboard in Resources */,
				E138F31525B9CA5E00257879 /* GoogleService-Info.plist in Resources */,
				02C32F6025B4BC18005CE759 /* Assets.xcassets in Resources */,
				02C32F5B25B4BC14005CE759 /* Main.storyboard in Resources */,
			);
			runOnlyForDeploymentPostprocessing = 0;
		};
/* End PBXResourcesBuildPhase section */

/* Begin PBXSourcesBuildPhase section */
		02C32F4C25B4BC14005CE759 /* Sources */ = {
			isa = PBXSourcesBuildPhase;
			buildActionMask = 2147483647;
			files = (
				02A0759F25BB3E5500129803 /* ProfileController.swift in Sources */,
				E13A274025B5D7470019FD56 /* LoginViewController.swift in Sources */,
				E138F32D25BA01AF00257879 /* TicketDetails.swift in Sources */,
				02C32F5E25B4BC14005CE759 /* CarSpot.xcdatamodeld in Sources */,
				E13A272525B5D37B0019FD56 /* UITextField.swift in Sources */,
				E13A274C25B5D7B80019FD56 /* ProfileSwiftUIView.swift in Sources */,
				025F2DE325B808820063DDCF /* UIViewController.swift in Sources */,
				02A075A225BB3E5E00129803 /* LicensePlateController.swift in Sources */,
				0297918325BD784F00917F45 /* LicensePlateSwiftUIView.swift in Sources */,
				02C32F5425B4BC14005CE759 /* AppDelegate.swift in Sources */,
				E138F33025BA05D800257879 /* MapView.swift in Sources */,
				E13978E625B8734400342933 /* Location.swift in Sources */,
				E13A272325B5D37B0019FD56 /* Int64.swift in Sources */,
				E138F33425BA390A00257879 /* TicketCell.swift in Sources */,
				E138F31B25B9D3DA00257879 /* ParkingHours.swift in Sources */,
				E13A273D25B5D7310019FD56 /* ProfileViewController.swift in Sources */,
				E138DB8725BB1405003BEEDC /* TicketDetailsViewController.swift in Sources */,
				E13A273A25B5D71C0019FD56 /* HistoryViewController.swift in Sources */,
				0297919325BD805800917F45 /* PlateNumber.swift in Sources */,
				E13A272D25B5D6780019FD56 /* ParkingTicket.swift in Sources */,
				E13A273625B5D7040019FD56 /* MainViewController.swift in Sources */,
				E13A272225B5D37B0019FD56 /* UIButton.swift in Sources */,
				E138DBC225BB5588003BEEDC /* SignUpSwiftUIView.swift in Sources */,
				E13A275625B5DA0F0019FD56 /* TabBarController.swift in Sources */,
				E135125D25BC726300A98B71 /* AddressController.swift in Sources */,
				E13A274325B5D78B0019FD56 /* MainSwiftUIView.swift in Sources */,
				E138F32325B9E3B300257879 /* String.swift in Sources */,
				0297918625BD7C8E00917F45 /* PlateListSwiftUIView.swift in Sources */,
				E138DBAC25BB25F1003BEEDC /* MainEntryViewController.swift in Sources */,
				E132D14025BB6C97007867E5 /* GradientView.swift in Sources */,
				E13A274925B5D7AB0019FD56 /* HistorySwiftUIView.swift in Sources */,
				E13A275925B5E6800019FD56 /* Login.swift in Sources */,
				E13A275325B5D97A0019FD56 /* TicketRow.swift in Sources */,
				E13A274625B5D7970019FD56 /* LoginSwiftUIView.swift in Sources */,
				E13BE3EA25B77BBB0022B496 /* LocationManager.swift in Sources */,
				E13A272125B5D37B0019FD56 /* UIView.swift in Sources */,
				02C32F5625B4BC14005CE759 /* SceneDelegate.swift in Sources */,
				E138DBA725BB2468003BEEDC /* TicketController.swift in Sources */,
				E13A272A25B5D6630019FD56 /* User.swift in Sources */,
			);
			runOnlyForDeploymentPostprocessing = 0;
		};
/* End PBXSourcesBuildPhase section */

/* Begin PBXVariantGroup section */
		02C32F5925B4BC14005CE759 /* Main.storyboard */ = {
			isa = PBXVariantGroup;
			children = (
				02C32F5A25B4BC14005CE759 /* Base */,
			);
			name = Main.storyboard;
			sourceTree = "<group>";
		};
		02C32F6125B4BC18005CE759 /* LaunchScreen.storyboard */ = {
			isa = PBXVariantGroup;
			children = (
				02C32F6225B4BC18005CE759 /* Base */,
			);
			name = LaunchScreen.storyboard;
			sourceTree = "<group>";
		};
/* End PBXVariantGroup section */

/* Begin XCBuildConfiguration section */
		02C32F6525B4BC18005CE759 /* Debug */ = {
			isa = XCBuildConfiguration;
			buildSettings = {
				ALWAYS_SEARCH_USER_PATHS = NO;
				CLANG_ANALYZER_NONNULL = YES;
				CLANG_ANALYZER_NUMBER_OBJECT_CONVERSION = YES_AGGRESSIVE;
				CLANG_CXX_LANGUAGE_STANDARD = "gnu++14";
				CLANG_CXX_LIBRARY = "libc++";
				CLANG_ENABLE_MODULES = YES;
				CLANG_ENABLE_OBJC_ARC = YES;
				CLANG_ENABLE_OBJC_WEAK = YES;
				CLANG_WARN_BLOCK_CAPTURE_AUTORELEASING = YES;
				CLANG_WARN_BOOL_CONVERSION = YES;
				CLANG_WARN_COMMA = YES;
				CLANG_WARN_CONSTANT_CONVERSION = YES;
				CLANG_WARN_DEPRECATED_OBJC_IMPLEMENTATIONS = YES;
				CLANG_WARN_DIRECT_OBJC_ISA_USAGE = YES_ERROR;
				CLANG_WARN_DOCUMENTATION_COMMENTS = YES;
				CLANG_WARN_EMPTY_BODY = YES;
				CLANG_WARN_ENUM_CONVERSION = YES;
				CLANG_WARN_INFINITE_RECURSION = YES;
				CLANG_WARN_INT_CONVERSION = YES;
				CLANG_WARN_NON_LITERAL_NULL_CONVERSION = YES;
				CLANG_WARN_OBJC_IMPLICIT_RETAIN_SELF = YES;
				CLANG_WARN_OBJC_LITERAL_CONVERSION = YES;
				CLANG_WARN_OBJC_ROOT_CLASS = YES_ERROR;
				CLANG_WARN_QUOTED_INCLUDE_IN_FRAMEWORK_HEADER = YES;
				CLANG_WARN_RANGE_LOOP_ANALYSIS = YES;
				CLANG_WARN_STRICT_PROTOTYPES = YES;
				CLANG_WARN_SUSPICIOUS_MOVE = YES;
				CLANG_WARN_UNGUARDED_AVAILABILITY = YES_AGGRESSIVE;
				CLANG_WARN_UNREACHABLE_CODE = YES;
				CLANG_WARN__DUPLICATE_METHOD_MATCH = YES;
				COPY_PHASE_STRIP = NO;
				DEBUG_INFORMATION_FORMAT = dwarf;
				ENABLE_STRICT_OBJC_MSGSEND = YES;
				ENABLE_TESTABILITY = YES;
				GCC_C_LANGUAGE_STANDARD = gnu11;
				GCC_DYNAMIC_NO_PIC = NO;
				GCC_NO_COMMON_BLOCKS = YES;
				GCC_OPTIMIZATION_LEVEL = 0;
				GCC_PREPROCESSOR_DEFINITIONS = (
					"DEBUG=1",
					"$(inherited)",
				);
				GCC_WARN_64_TO_32_BIT_CONVERSION = YES;
				GCC_WARN_ABOUT_RETURN_TYPE = YES_ERROR;
				GCC_WARN_UNDECLARED_SELECTOR = YES;
				GCC_WARN_UNINITIALIZED_AUTOS = YES_AGGRESSIVE;
				GCC_WARN_UNUSED_FUNCTION = YES;
				GCC_WARN_UNUSED_VARIABLE = YES;
				IPHONEOS_DEPLOYMENT_TARGET = 14.3;
				MTL_ENABLE_DEBUG_INFO = INCLUDE_SOURCE;
				MTL_FAST_MATH = YES;
				ONLY_ACTIVE_ARCH = YES;
				SDKROOT = iphoneos;
				SWIFT_ACTIVE_COMPILATION_CONDITIONS = DEBUG;
				SWIFT_OPTIMIZATION_LEVEL = "-Onone";
			};
			name = Debug;
		};
		02C32F6625B4BC18005CE759 /* Release */ = {
			isa = XCBuildConfiguration;
			buildSettings = {
				ALWAYS_SEARCH_USER_PATHS = NO;
				CLANG_ANALYZER_NONNULL = YES;
				CLANG_ANALYZER_NUMBER_OBJECT_CONVERSION = YES_AGGRESSIVE;
				CLANG_CXX_LANGUAGE_STANDARD = "gnu++14";
				CLANG_CXX_LIBRARY = "libc++";
				CLANG_ENABLE_MODULES = YES;
				CLANG_ENABLE_OBJC_ARC = YES;
				CLANG_ENABLE_OBJC_WEAK = YES;
				CLANG_WARN_BLOCK_CAPTURE_AUTORELEASING = YES;
				CLANG_WARN_BOOL_CONVERSION = YES;
				CLANG_WARN_COMMA = YES;
				CLANG_WARN_CONSTANT_CONVERSION = YES;
				CLANG_WARN_DEPRECATED_OBJC_IMPLEMENTATIONS = YES;
				CLANG_WARN_DIRECT_OBJC_ISA_USAGE = YES_ERROR;
				CLANG_WARN_DOCUMENTATION_COMMENTS = YES;
				CLANG_WARN_EMPTY_BODY = YES;
				CLANG_WARN_ENUM_CONVERSION = YES;
				CLANG_WARN_INFINITE_RECURSION = YES;
				CLANG_WARN_INT_CONVERSION = YES;
				CLANG_WARN_NON_LITERAL_NULL_CONVERSION = YES;
				CLANG_WARN_OBJC_IMPLICIT_RETAIN_SELF = YES;
				CLANG_WARN_OBJC_LITERAL_CONVERSION = YES;
				CLANG_WARN_OBJC_ROOT_CLASS = YES_ERROR;
				CLANG_WARN_QUOTED_INCLUDE_IN_FRAMEWORK_HEADER = YES;
				CLANG_WARN_RANGE_LOOP_ANALYSIS = YES;
				CLANG_WARN_STRICT_PROTOTYPES = YES;
				CLANG_WARN_SUSPICIOUS_MOVE = YES;
				CLANG_WARN_UNGUARDED_AVAILABILITY = YES_AGGRESSIVE;
				CLANG_WARN_UNREACHABLE_CODE = YES;
				CLANG_WARN__DUPLICATE_METHOD_MATCH = YES;
				COPY_PHASE_STRIP = NO;
				DEBUG_INFORMATION_FORMAT = "dwarf-with-dsym";
				ENABLE_NS_ASSERTIONS = NO;
				ENABLE_STRICT_OBJC_MSGSEND = YES;
				GCC_C_LANGUAGE_STANDARD = gnu11;
				GCC_NO_COMMON_BLOCKS = YES;
				GCC_WARN_64_TO_32_BIT_CONVERSION = YES;
				GCC_WARN_ABOUT_RETURN_TYPE = YES_ERROR;
				GCC_WARN_UNDECLARED_SELECTOR = YES;
				GCC_WARN_UNINITIALIZED_AUTOS = YES_AGGRESSIVE;
				GCC_WARN_UNUSED_FUNCTION = YES;
				GCC_WARN_UNUSED_VARIABLE = YES;
				IPHONEOS_DEPLOYMENT_TARGET = 14.3;
				MTL_ENABLE_DEBUG_INFO = NO;
				MTL_FAST_MATH = YES;
				SDKROOT = iphoneos;
				SWIFT_COMPILATION_MODE = wholemodule;
				SWIFT_OPTIMIZATION_LEVEL = "-O";
				VALIDATE_PRODUCT = YES;
			};
			name = Release;
		};
		02C32F6825B4BC18005CE759 /* Debug */ = {
			isa = XCBuildConfiguration;
			buildSettings = {
				ASSETCATALOG_COMPILER_APPICON_NAME = AppIcon;
				ASSETCATALOG_COMPILER_GLOBAL_ACCENT_COLOR_NAME = AccentColor;
				CODE_SIGN_STYLE = Automatic;
				DEVELOPMENT_TEAM = JLH6SS5T42;
				INFOPLIST_FILE = CarSpot/Info.plist;
				LD_RUNPATH_SEARCH_PATHS = (
					"$(inherited)",
					"@executable_path/Frameworks",
				);
				PRODUCT_BUNDLE_IDENTIFIER = com.georgebrown.carspot;
				PRODUCT_NAME = "$(TARGET_NAME)";
				SWIFT_VERSION = 5.0;
				TARGETED_DEVICE_FAMILY = "1,2";
			};
			name = Debug;
		};
		02C32F6925B4BC18005CE759 /* Release */ = {
			isa = XCBuildConfiguration;
			buildSettings = {
				ASSETCATALOG_COMPILER_APPICON_NAME = AppIcon;
				ASSETCATALOG_COMPILER_GLOBAL_ACCENT_COLOR_NAME = AccentColor;
				CODE_SIGN_STYLE = Automatic;
				DEVELOPMENT_TEAM = JLH6SS5T42;
				INFOPLIST_FILE = CarSpot/Info.plist;
				LD_RUNPATH_SEARCH_PATHS = (
					"$(inherited)",
					"@executable_path/Frameworks",
				);
				PRODUCT_BUNDLE_IDENTIFIER = com.georgebrown.carspot;
				PRODUCT_NAME = "$(TARGET_NAME)";
				SWIFT_VERSION = 5.0;
				TARGETED_DEVICE_FAMILY = "1,2";
			};
			name = Release;
		};
/* End XCBuildConfiguration section */

/* Begin XCConfigurationList section */
		02C32F4B25B4BC14005CE759 /* Build configuration list for PBXProject "CarSpot" */ = {
			isa = XCConfigurationList;
			buildConfigurations = (
				02C32F6525B4BC18005CE759 /* Debug */,
				02C32F6625B4BC18005CE759 /* Release */,
			);
			defaultConfigurationIsVisible = 0;
			defaultConfigurationName = Release;
		};
		02C32F6725B4BC18005CE759 /* Build configuration list for PBXNativeTarget "CarSpot" */ = {
			isa = XCConfigurationList;
			buildConfigurations = (
				02C32F6825B4BC18005CE759 /* Debug */,
				02C32F6925B4BC18005CE759 /* Release */,
			);
			defaultConfigurationIsVisible = 0;
			defaultConfigurationName = Release;
		};
/* End XCConfigurationList section */

/* Begin XCVersionGroup section */
		02C32F5C25B4BC14005CE759 /* CarSpot.xcdatamodeld */ = {
			isa = XCVersionGroup;
			children = (
				02C32F5D25B4BC14005CE759 /* CarSpot.xcdatamodel */,
			);
			currentVersion = 02C32F5D25B4BC14005CE759 /* CarSpot.xcdatamodel */;
			path = CarSpot.xcdatamodeld;
			sourceTree = "<group>";
			versionGroupType = wrapper.xcdatamodel;
		};
/* End XCVersionGroup section */
	};
	rootObject = 02C32F4825B4BC14005CE759 /* Project object */;
}
